
Microsoft Visual Studio Solution File, Format Version 12.00
# Visual Studio Version 17
VisualStudioVersion = 17.0.31919.166
MinimumVisualStudioVersion = 10.0.40219.1
Project("{2150E333-8FDC-42A3-9474-1A3956D46DE8}") = "Api", "Api", "{0DF0A6F9-9775-4AF4-83E4-05076A9FCD66}"
EndProject
Project("{2150E333-8FDC-42A3-9474-1A3956D46DE8}") = "Shared", "Shared", "{07CA307B-6E97-4ED5-A686-CCE0C9E041F2}"
EndProject
Project("{9A19103F-16F7-4668-BE54-9A1E7A4F7556}") = "Asi.Api", "Asi.Api\Asi.Api.csproj", "{095F49B5-8887-46AC-8AAF-67ABF1655E19}"
EndProject
Project("{9A19103F-16F7-4668-BE54-9A1E7A4F7556}") = "Asi.Application", "Asi.Application\Asi.Application.csproj", "{AE6C5B8A-0289-4192-BC1E-6E94BBC19712}"
EndProject
Project("{9A19103F-16F7-4668-BE54-9A1E7A4F7556}") = "Asi.Data", "Asi.Data\Asi.Data.csproj", "{3A01A0F2-AC82-42A1-9D06-44A4F2750E4F}"
EndProject
Project("{9A19103F-16F7-4668-BE54-9A1E7A4F7556}") = "Asi.Domain", "Asi.Domain\Asi.Domain.csproj", "{98C1A1AF-688A-4E6C-BE25-C9308F1C0C87}"
EndProject
Project("{9A19103F-16F7-4668-BE54-9A1E7A4F7556}") = "Asi.Infrastructure", "Asi.Infrastructure.Service\Asi.Infrastructure.csproj", "{7574CE47-8F0C-4F5E-8F5C-65DA686E1B5A}"
EndProject
Project("{2150E333-8FDC-42A3-9474-1A3956D46DE8}") = "Common", "Common", "{CB4EDF31-6E31-4E8A-B75B-2A10261AE20B}"
EndProject
Project("{9A19103F-16F7-4668-BE54-9A1E7A4F7556}") = "Asi.Startup", "Asi.Startup\Asi.Startup.csproj", "{C05DD14C-DCBB-40C5-86DD-32BB2D9D3362}"
EndProject
Project("{2150E333-8FDC-42A3-9474-1A3956D46DE8}") = "Infrastructure", "Infrastructure", "{091C8907-AB3F-4D97-BFB6-44F90A7CB8B1}"
EndProject
Project("{2150E333-8FDC-42A3-9474-1A3956D46DE8}") = "Api-Test", "Api-Test", "{8EE3610D-980A-43FF-B7D2-F6665F3B0320}"
EndProject
Project("{9A19103F-16F7-4668-BE54-9A1E7A4F7556}") = "Asi.Api.Test", "Asi.Api.Test\Asi.Api.Test.csproj", "{CEF22EC6-19EE-42EC-8941-28ED9E65028B}"
EndProject
Project("{9A19103F-16F7-4668-BE54-9A1E7A4F7556}") = "Asi.Base", "Asi.Base\Asi.Base.csproj", "{76D984CC-544E-43A7-BDF7-B80A5E87672F}"
EndProject
Global
	GlobalSection(SolutionConfigurationPlatforms) = preSolution
		Debug|Any CPU = Debug|Any CPU
		Release|Any CPU = Release|Any CPU
	EndGlobalSection
	GlobalSection(ProjectConfigurationPlatforms) = postSolution
		{095F49B5-8887-46AC-8AAF-67ABF1655E19}.Debug|Any CPU.ActiveCfg = Debug|Any CPU
		{095F49B5-8887-46AC-8AAF-67ABF1655E19}.Debug|Any CPU.Build.0 = Debug|Any CPU
		{095F49B5-8887-46AC-8AAF-67ABF1655E19}.Release|Any CPU.ActiveCfg = Release|Any CPU
		{095F49B5-8887-46AC-8AAF-67ABF1655E19}.Release|Any CPU.Build.0 = Release|Any CPU
		{AE6C5B8A-0289-4192-BC1E-6E94BBC19712}.Debug|Any CPU.ActiveCfg = Debug|Any CPU
		{AE6C5B8A-0289-4192-BC1E-6E94BBC19712}.Debug|Any CPU.Build.0 = Debug|Any CPU
		{AE6C5B8A-0289-4192-BC1E-6E94BBC19712}.Release|Any CPU.ActiveCfg = Release|Any CPU
		{AE6C5B8A-0289-4192-BC1E-6E94BBC19712}.Release|Any CPU.Build.0 = Release|Any CPU
		{3A01A0F2-AC82-42A1-9D06-44A4F2750E4F}.Debug|Any CPU.ActiveCfg = Debug|Any CPU
		{3A01A0F2-AC82-42A1-9D06-44A4F2750E4F}.Debug|Any CPU.Build.0 = Debug|Any CPU
		{3A01A0F2-AC82-42A1-9D06-44A4F2750E4F}.Release|Any CPU.ActiveCfg = Release|Any CPU
		{3A01A0F2-AC82-42A1-9D06-44A4F2750E4F}.Release|Any CPU.Build.0 = Release|Any CPU
		{98C1A1AF-688A-4E6C-BE25-C9308F1C0C87}.Debug|Any CPU.ActiveCfg = Debug|Any CPU
		{98C1A1AF-688A-4E6C-BE25-C9308F1C0C87}.Debug|Any CPU.Build.0 = Debug|Any CPU
		{98C1A1AF-688A-4E6C-BE25-C9308F1C0C87}.Release|Any CPU.ActiveCfg = Release|Any CPU
		{98C1A1AF-688A-4E6C-BE25-C9308F1C0C87}.Release|Any CPU.Build.0 = Release|Any CPU
		{7574CE47-8F0C-4F5E-8F5C-65DA686E1B5A}.Debug|Any CPU.ActiveCfg = Debug|Any CPU
		{7574CE47-8F0C-4F5E-8F5C-65DA686E1B5A}.Debug|Any CPU.Build.0 = Debug|Any CPU
		{7574CE47-8F0C-4F5E-8F5C-65DA686E1B5A}.Release|Any CPU.ActiveCfg = Release|Any CPU
		{7574CE47-8F0C-4F5E-8F5C-65DA686E1B5A}.Release|Any CPU.Build.0 = Release|Any CPU
		{C05DD14C-DCBB-40C5-86DD-32BB2D9D3362}.Debug|Any CPU.ActiveCfg = Debug|Any CPU
		{C05DD14C-DCBB-40C5-86DD-32BB2D9D3362}.Debug|Any CPU.Build.0 = Debug|Any CPU
		{C05DD14C-DCBB-40C5-86DD-32BB2D9D3362}.Release|Any CPU.ActiveCfg = Release|Any CPU
		{C05DD14C-DCBB-40C5-86DD-32BB2D9D3362}.Release|Any CPU.Build.0 = Release|Any CPU
		{CEF22EC6-19EE-42EC-8941-28ED9E65028B}.Debug|Any CPU.ActiveCfg = Debug|Any CPU
		{CEF22EC6-19EE-42EC-8941-28ED9E65028B}.Debug|Any CPU.Build.0 = Debug|Any CPU
		{CEF22EC6-19EE-42EC-8941-28ED9E65028B}.Release|Any CPU.ActiveCfg = Release|Any CPU
		{CEF22EC6-19EE-42EC-8941-28ED9E65028B}.Release|Any CPU.Build.0 = Release|Any CPU
		{76D984CC-544E-43A7-BDF7-B80A5E87672F}.Debug|Any CPU.ActiveCfg = Debug|Any CPU
		{76D984CC-544E-43A7-BDF7-B80A5E87672F}.Debug|Any CPU.Build.0 = Debug|Any CPU
		{76D984CC-544E-43A7-BDF7-B80A5E87672F}.Release|Any CPU.ActiveCfg = Release|Any CPU
		{76D984CC-544E-43A7-BDF7-B80A5E87672F}.Release|Any CPU.Build.0 = Release|Any CPU
	EndGlobalSection
	GlobalSection(SolutionProperties) = preSolution
		HideSolutionNode = FALSE
	EndGlobalSection
	GlobalSection(NestedProjects) = preSolution
		{095F49B5-8887-46AC-8AAF-67ABF1655E19} = {0DF0A6F9-9775-4AF4-83E4-05076A9FCD66}
		{AE6C5B8A-0289-4192-BC1E-6E94BBC19712} = {07CA307B-6E97-4ED5-A686-CCE0C9E041F2}
		{3A01A0F2-AC82-42A1-9D06-44A4F2750E4F} = {07CA307B-6E97-4ED5-A686-CCE0C9E041F2}
		{98C1A1AF-688A-4E6C-BE25-C9308F1C0C87} = {07CA307B-6E97-4ED5-A686-CCE0C9E041F2}
		{7574CE47-8F0C-4F5E-8F5C-65DA686E1B5A} = {091C8907-AB3F-4D97-BFB6-44F90A7CB8B1}
		{C05DD14C-DCBB-40C5-86DD-32BB2D9D3362} = {CB4EDF31-6E31-4E8A-B75B-2A10261AE20B}
		{CEF22EC6-19EE-42EC-8941-28ED9E65028B} = {8EE3610D-980A-43FF-B7D2-F6665F3B0320}
		{76D984CC-544E-43A7-BDF7-B80A5E87672F} = {CB4EDF31-6E31-4E8A-B75B-2A10261AE20B}
	EndGlobalSection
	GlobalSection(ExtensibilityGlobals) = postSolution
		SolutionGuid = {DC16412A-DCAF-45CB-B56A-DCB5BF9BEBA5}
	EndGlobalSection
EndGlobal
